
Microsoft Visual Studio Solution File, Format Version 12.00
# Visual Studio Version 17
VisualStudioVersion = 17.8.34525.116
MinimumVisualStudioVersion = 10.0.40219.1
Project("{FAE04EC0-301F-11D3-BF4B-00C04F79EFBC}") = "WPF_INPC_DataGrid", "WPF_INPC_DataGrid\WPF_INPC_DataGrid.csproj", "{88DBAA88-4418-46D4-93EA-BDE84A18DDFF}"
EndProject
Global
	GlobalSection(SolutionConfigurationPlatforms) = preSolution
		Debug|Any CPU = Debug|Any CPU
		Release|Any CPU = Release|Any CPU
	EndGlobalSection
	GlobalSection(ProjectConfigurationPlatforms) = postSolution
		{88DBAA88-4418-46D4-93EA-BDE84A18DDFF}.Debug|Any CPU.ActiveCfg = Debug|Any CPU
		{88DBAA88-4418-46D4-93EA-BDE84A18DDFF}.Debug|Any CPU.Build.0 = Debug|Any CPU
		{88DBAA88-4418-46D4-93EA-BDE84A18DDFF}.Release|Any CPU.ActiveCfg = Release|Any CPU
		{88DBAA88-4418-46D4-93EA-BDE84A18DDFF}.Release|Any CPU.Build.0 = Release|Any CPU
	EndGlobalSection
	GlobalSection(SolutionProperties) = preSolution
		HideSolutionNode = FALSE
	EndGlobalSection
	GlobalSection(ExtensibilityGlobals) = postSolution
		SolutionGuid = {32FFFBAC-605E-493C-BFA7-7F6B2216D51D}
	EndGlobalSection
EndGlobal
